
Microsoft Visual Studio Solution File, Format Version 12.00
Project("{FAE04EC0-301F-11D3-BF4B-00C04F79EFBC}") = "Stalker", "Stalker\Stalker.csproj", "{B65289B3-22A8-45C5-845D-20201C55CAB2}"
EndProject
Global
	GlobalSection(SolutionConfigurationPlatforms) = preSolution
		Debug|Any CPU = Debug|Any CPU
		Release|Any CPU = Release|Any CPU
	EndGlobalSection
	GlobalSection(ProjectConfigurationPlatforms) = postSolution
		{B65289B3-22A8-45C5-845D-20201C55CAB2}.Debug|Any CPU.ActiveCfg = Debug|Any CPU
		{B65289B3-22A8-45C5-845D-20201C55CAB2}.Debug|Any CPU.Build.0 = Debug|Any CPU
		{B65289B3-22A8-45C5-845D-20201C55CAB2}.Release|Any CPU.ActiveCfg = Release|Any CPU
		{B65289B3-22A8-45C5-845D-20201C55CAB2}.Release|Any CPU.Build.0 = Release|Any CPU
	EndGlobalSection
EndGlobal
